# This file is automatically @generated by Cargo.
# It is not intended for manual editing.
version = 3

[[package]]
name = "aho-corasick"
version = "1.1.3"
source = "registry+https://github.com/rust-lang/crates.io-index"
checksum = "8e60d3430d3a69478ad0993f19238d2df97c507009a52b3c10addcd7f6bcb916"
dependencies = [
 "memchr",
]

[[package]]
name = "aliasable"
version = "0.1.3"
source = "registry+https://github.com/rust-lang/crates.io-index"
checksum = "250f629c0161ad8107cf89319e990051fae62832fd343083bea452d93e2205fd"

[[package]]
name = "bindgen"
version = "0.69.4"
source = "registry+https://github.com/rust-lang/crates.io-index"
checksum = "a00dc851838a2120612785d195287475a3ac45514741da670b735818822129a0"
dependencies = [
 "bitflags",
 "cexpr",
 "clang-sys",
 "itertools",
 "lazy_static",
 "lazycell",
 "log",
 "prettyplease",
 "proc-macro2",
 "quote",
 "regex",
 "rustc-hash",
 "shlex",
 "syn",
 "which",
]

[[package]]
name = "bitflags"
version = "2.6.0"
source = "registry+https://github.com/rust-lang/crates.io-index"
checksum = "b048fb63fd8b5923fc5aa7b340d8e156aec7ec02f0c78fa8a6ddc2613f6f71de"

[[package]]
name = "byteorder"
version = "1.5.0"
source = "registry+https://github.com/rust-lang/crates.io-index"
checksum = "1fd0f2584146f6f2ef48085050886acf353beff7305ebd1ae69500e27c67f64b"

[[package]]
name = "cc"
version = "1.1.14"
source = "registry+https://github.com/rust-lang/crates.io-index"
checksum = "50d2eb3cd3d1bf4529e31c215ee6f93ec5a3d536d9f578f93d9d33ee19562932"
dependencies = [
 "shlex",
]

[[package]]
name = "cdr"
version = "0.2.4"
source = "registry+https://github.com/rust-lang/crates.io-index"
checksum = "9617422bf43fde9280707a7e90f8f7494389c182f5c70b0f67592d0f06d41dfa"
dependencies = [
 "byteorder",
 "serde",
]

[[package]]
name = "cerulion_rust"
version = "0.1.0"
dependencies = [
 "godot",
 "iceoryx2",
]

[[package]]
name = "cexpr"
version = "0.6.0"
source = "registry+https://github.com/rust-lang/crates.io-index"
checksum = "6fac387a98bb7c37292057cffc56d62ecb629900026402633ae9160df93a8766"
dependencies = [
 "nom",
]

[[package]]
name = "cfg-if"
version = "1.0.0"
source = "registry+https://github.com/rust-lang/crates.io-index"
checksum = "baf1de4339761588bc0619e3cbc0120ee582ebb74b53b4efbf79117bd2da40fd"

[[package]]
name = "clang-sys"
version = "1.8.1"
source = "registry+https://github.com/rust-lang/crates.io-index"
checksum = "0b023947811758c97c59bf9d1c188fd619ad4718dcaa767947df1cadb14f39f4"
dependencies = [
 "glob",
 "libc",
 "libloading",
]

[[package]]
name = "either"
version = "1.13.0"
source = "registry+https://github.com/rust-lang/crates.io-index"
checksum = "60b1af1c220855b6ceac025d3f6ecdd2b7c4894bfe9cd9bda4fbb4bc7c0d4cf0"

[[package]]
name = "enum-iterator"
version = "2.1.0"
source = "registry+https://github.com/rust-lang/crates.io-index"
checksum = "c280b9e6b3ae19e152d8e31cf47f18389781e119d4013a2a2bb0180e5facc635"
dependencies = [
 "enum-iterator-derive",
]

[[package]]
name = "enum-iterator-derive"
version = "1.4.0"
source = "registry+https://github.com/rust-lang/crates.io-index"
checksum = "a1ab991c1362ac86c61ab6f556cff143daa22e5a15e4e189df818b2fd19fe65b"
dependencies = [
 "proc-macro2",
 "quote",
 "syn",
]

[[package]]
name = "equivalent"
version = "1.0.1"
source = "registry+https://github.com/rust-lang/crates.io-index"
checksum = "5443807d6dff69373d433ab9ef5378ad8df50ca6298caf15de6e52e24aaf54d5"

[[package]]
name = "errno"
version = "0.3.9"
source = "registry+https://github.com/rust-lang/crates.io-index"
checksum = "534c5cf6194dfab3db3242765c03bbe257cf92f22b38f6bc0c58d59108a820ba"
dependencies = [
 "libc",
 "windows-sys 0.52.0",
]

[[package]]
name = "gdextension-api"
version = "0.2.0"
source = "git+https://github.com/godot-rust/godot4-prebuilt?branch=releases#6d902e8a6060007f4ab94cd78882247ae2558d96"

[[package]]
name = "gensym"
version = "0.1.1"
source = "registry+https://github.com/rust-lang/crates.io-index"
checksum = "913dce4c5f06c2ea40fc178c06f777ac89fc6b1383e90c254fafb1abe4ba3c82"
dependencies = [
 "proc-macro2",
 "quote",
 "syn",
 "uuid",
]

[[package]]
name = "getrandom"
version = "0.2.15"
source = "registry+https://github.com/rust-lang/crates.io-index"
checksum = "c4567c8db10ae91089c99af84c68c38da3ec2f087c3f82960bcdbf3656b6f4d7"
dependencies = [
 "cfg-if",
 "libc",
 "wasi",
]

[[package]]
name = "glam"
version = "0.28.0"
source = "registry+https://github.com/rust-lang/crates.io-index"
checksum = "779ae4bf7e8421cf91c0b3b64e7e8b40b862fba4d393f59150042de7c4965a94"

[[package]]
name = "glob"
version = "0.3.1"
source = "registry+https://github.com/rust-lang/crates.io-index"
checksum = "d2fabcfbdc87f4758337ca535fb41a6d701b65693ce38287d856d1674551ec9b"

[[package]]
name = "godot"
version = "0.1.3"
source = "git+https://github.com/godot-rust/gdext?branch=master#7634fe769d1fcb66209586f0b6c06aac40978253"
dependencies = [
 "godot-core",
 "godot-macros",
]

[[package]]
name = "godot-bindings"
version = "0.1.3"
source = "git+https://github.com/godot-rust/gdext?branch=master#7634fe769d1fcb66209586f0b6c06aac40978253"
dependencies = [
 "gdextension-api",
]

[[package]]
name = "godot-cell"
version = "0.1.3"
source = "git+https://github.com/godot-rust/gdext?branch=master#7634fe769d1fcb66209586f0b6c06aac40978253"

[[package]]
name = "godot-codegen"
version = "0.1.3"
source = "git+https://github.com/godot-rust/gdext?branch=master#7634fe769d1fcb66209586f0b6c06aac40978253"
dependencies = [
 "godot-bindings",
 "heck 0.5.0",
 "nanoserde",
 "proc-macro2",
 "quote",
 "regex",
]

[[package]]
name = "godot-core"
version = "0.1.3"
source = "git+https://github.com/godot-rust/gdext?branch=master#7634fe769d1fcb66209586f0b6c06aac40978253"
dependencies = [
 "glam",
 "godot-bindings",
 "godot-cell",
 "godot-codegen",
 "godot-ffi",
]

[[package]]
name = "godot-ffi"
version = "0.1.3"
source = "git+https://github.com/godot-rust/gdext?branch=master#7634fe769d1fcb66209586f0b6c06aac40978253"
dependencies = [
 "gensym",
 "godot-bindings",
 "godot-codegen",
 "libc",
 "paste",
]

[[package]]
name = "godot-macros"
version = "0.1.3"
source = "git+https://github.com/godot-rust/gdext?branch=master#7634fe769d1fcb66209586f0b6c06aac40978253"
dependencies = [
 "godot-bindings",
 "proc-macro2",
 "quote",
 "venial",
]

[[package]]
name = "hashbrown"
version = "0.14.5"
source = "registry+https://github.com/rust-lang/crates.io-index"
checksum = "e5274423e17b7c9fc20b6e7e208532f9b19825d82dfd615708b70edd83df41f1"

[[package]]
name = "heck"
version = "0.4.1"
source = "registry+https://github.com/rust-lang/crates.io-index"
checksum = "95505c38b4572b2d910cecb0281560f54b440a19336cbbcb27bf6ce6adc6f5a8"

[[package]]
name = "heck"
version = "0.5.0"
source = "registry+https://github.com/rust-lang/crates.io-index"
checksum = "2304e00983f87ffb38b55b444b5e3b60a884b5d30c0fca7d82fe33449bbe55ea"

[[package]]
name = "home"
version = "0.5.9"
source = "registry+https://github.com/rust-lang/crates.io-index"
checksum = "e3d1354bf6b7235cb4a0576c2619fd4ed18183f689b12b006a0ee7329eeff9a5"
dependencies = [
 "windows-sys 0.52.0",
]

[[package]]
name = "iceoryx2"
version = "0.3.0"
source = "git+https://github.com/eclipse-iceoryx/iceoryx2.git?branch=main#a3b6a725bbdc8963b7e51ae3ac1a5ce832bcbad6"
dependencies = [
 "cdr",
 "iceoryx2-bb-container",
 "iceoryx2-bb-derive-macros",
 "iceoryx2-bb-elementary",
 "iceoryx2-bb-lock-free",
 "iceoryx2-bb-log",
 "iceoryx2-bb-memory",
 "iceoryx2-bb-posix",
 "iceoryx2-bb-system-types",
 "iceoryx2-cal",
 "iceoryx2-pal-concurrency-sync",
 "lazy_static",
 "serde",
 "sha1_smol",
 "tiny-fn",
 "toml",
]

[[package]]
name = "iceoryx2-bb-container"
version = "0.3.0"
source = "git+https://github.com/eclipse-iceoryx/iceoryx2.git?branch=main#a3b6a725bbdc8963b7e51ae3ac1a5ce832bcbad6"
dependencies = [
 "iceoryx2-bb-derive-macros",
 "iceoryx2-bb-elementary",
 "iceoryx2-bb-log",
 "iceoryx2-pal-concurrency-sync",
 "serde",
]

[[package]]
name = "iceoryx2-bb-derive-macros"
version = "0.3.0"
source = "git+https://github.com/eclipse-iceoryx/iceoryx2.git?branch=main#a3b6a725bbdc8963b7e51ae3ac1a5ce832bcbad6"
dependencies = [
 "iceoryx2-bb-elementary",
 "proc-macro2",
 "quote",
 "syn",
]

[[package]]
name = "iceoryx2-bb-elementary"
version = "0.3.0"
source = "git+https://github.com/eclipse-iceoryx/iceoryx2.git?branch=main#a3b6a725bbdc8963b7e51ae3ac1a5ce832bcbad6"
dependencies = [
 "iceoryx2-pal-concurrency-sync",
]

[[package]]
name = "iceoryx2-bb-lock-free"
version = "0.3.0"
source = "git+https://github.com/eclipse-iceoryx/iceoryx2.git?branch=main#a3b6a725bbdc8963b7e51ae3ac1a5ce832bcbad6"
dependencies = [
 "iceoryx2-bb-elementary",
 "iceoryx2-bb-log",
 "iceoryx2-pal-concurrency-sync",
 "tiny-fn",
]

[[package]]
name = "iceoryx2-bb-log"
version = "0.3.0"
source = "git+https://github.com/eclipse-iceoryx/iceoryx2.git?branch=main#a3b6a725bbdc8963b7e51ae3ac1a5ce832bcbad6"
dependencies = [
 "iceoryx2-pal-concurrency-sync",
 "termsize",
]

[[package]]
name = "iceoryx2-bb-memory"
version = "0.3.0"
source = "git+https://github.com/eclipse-iceoryx/iceoryx2.git?branch=main#a3b6a725bbdc8963b7e51ae3ac1a5ce832bcbad6"
dependencies = [
 "iceoryx2-bb-elementary",
 "iceoryx2-bb-lock-free",
 "iceoryx2-bb-log",
 "iceoryx2-bb-posix",
 "iceoryx2-pal-concurrency-sync",
 "lazy_static",
 "tiny-fn",
]

[[package]]
name = "iceoryx2-bb-posix"
version = "0.3.0"
source = "git+https://github.com/eclipse-iceoryx/iceoryx2.git?branch=main#a3b6a725bbdc8963b7e51ae3ac1a5ce832bcbad6"
dependencies = [
 "bitflags",
 "enum-iterator",
 "iceoryx2-bb-container",
 "iceoryx2-bb-elementary",
 "iceoryx2-bb-log",
 "iceoryx2-bb-system-types",
 "iceoryx2-pal-concurrency-sync",
 "iceoryx2-pal-configuration",
 "iceoryx2-pal-posix",
 "lazy_static",
 "serde",
 "tiny-fn",
]

[[package]]
name = "iceoryx2-bb-system-types"
version = "0.3.0"
source = "git+https://github.com/eclipse-iceoryx/iceoryx2.git?branch=main#a3b6a725bbdc8963b7e51ae3ac1a5ce832bcbad6"
dependencies = [
 "iceoryx2-bb-container",
 "iceoryx2-bb-elementary",
 "iceoryx2-bb-log",
 "iceoryx2-pal-configuration",
 "serde",
]

[[package]]
name = "iceoryx2-bb-testing"
version = "0.3.0"
source = "git+https://github.com/eclipse-iceoryx/iceoryx2.git?branch=main#a3b6a725bbdc8963b7e51ae3ac1a5ce832bcbad6"
dependencies = [
 "iceoryx2-pal-concurrency-sync",
 "iceoryx2-pal-configuration",
]

[[package]]
name = "iceoryx2-bb-threadsafe"
version = "0.3.0"
source = "git+https://github.com/eclipse-iceoryx/iceoryx2.git?branch=main#a3b6a725bbdc8963b7e51ae3ac1a5ce832bcbad6"
dependencies = [
 "iceoryx2-bb-container",
 "iceoryx2-bb-log",
 "iceoryx2-bb-posix",
]

[[package]]
name = "iceoryx2-cal"
version = "0.3.0"
source = "git+https://github.com/eclipse-iceoryx/iceoryx2.git?branch=main#a3b6a725bbdc8963b7e51ae3ac1a5ce832bcbad6"
dependencies = [
 "cdr",
 "iceoryx2-bb-container",
 "iceoryx2-bb-elementary",
 "iceoryx2-bb-lock-free",
 "iceoryx2-bb-log",
 "iceoryx2-bb-memory",
 "iceoryx2-bb-posix",
 "iceoryx2-bb-system-types",
 "iceoryx2-bb-testing",
 "iceoryx2-bb-threadsafe",
 "iceoryx2-pal-concurrency-sync",
 "lazy_static",
 "once_cell",
 "ouroboros",
 "serde",
 "sha1_smol",
 "tiny-fn",
 "toml",
]

[[package]]
name = "iceoryx2-pal-concurrency-sync"
version = "0.3.0"
source = "git+https://github.com/eclipse-iceoryx/iceoryx2.git?branch=main#a3b6a725bbdc8963b7e51ae3ac1a5ce832bcbad6"

[[package]]
name = "iceoryx2-pal-configuration"
version = "0.3.0"
source = "git+https://github.com/eclipse-iceoryx/iceoryx2.git?branch=main#a3b6a725bbdc8963b7e51ae3ac1a5ce832bcbad6"

[[package]]
name = "iceoryx2-pal-posix"
version = "0.3.0"
source = "git+https://github.com/eclipse-iceoryx/iceoryx2.git?branch=main#a3b6a725bbdc8963b7e51ae3ac1a5ce832bcbad6"
dependencies = [
 "bindgen",
 "cc",
 "iceoryx2-pal-concurrency-sync",
 "iceoryx2-pal-configuration",
 "lazy_static",
 "windows-sys 0.48.0",
]

[[package]]
name = "indexmap"
version = "2.4.0"
source = "registry+https://github.com/rust-lang/crates.io-index"
checksum = "93ead53efc7ea8ed3cfb0c79fc8023fbb782a5432b52830b6518941cebe6505c"
dependencies = [
 "equivalent",
 "hashbrown",
]

[[package]]
name = "itertools"
version = "0.12.1"
source = "registry+https://github.com/rust-lang/crates.io-index"
checksum = "ba291022dbbd398a455acf126c1e341954079855bc60dfdda641363bd6922569"
dependencies = [
 "either",
]

[[package]]
name = "lazy_static"
version = "1.5.0"
source = "registry+https://github.com/rust-lang/crates.io-index"
checksum = "bbd2bcb4c963f2ddae06a2efc7e9f3591312473c50c6685e1f298068316e66fe"

[[package]]
name = "lazycell"
version = "1.3.0"
source = "registry+https://github.com/rust-lang/crates.io-index"
checksum = "830d08ce1d1d941e6b30645f1a0eb5643013d835ce3779a5fc208261dbe10f55"

[[package]]
name = "libc"
version = "0.2.158"
source = "registry+https://github.com/rust-lang/crates.io-index"
checksum = "d8adc4bb1803a324070e64a98ae98f38934d91957a99cfb3a43dcbc01bc56439"

[[package]]
name = "libloading"
version = "0.8.5"
source = "registry+https://github.com/rust-lang/crates.io-index"
checksum = "4979f22fdb869068da03c9f7528f8297c6fd2606bc3a4affe42e6a823fdb8da4"
dependencies = [
 "cfg-if",
 "windows-targets 0.52.6",
]

[[package]]
name = "linux-raw-sys"
version = "0.4.14"
source = "registry+https://github.com/rust-lang/crates.io-index"
checksum = "78b3ae25bc7c8c38cec158d1f2757ee79e9b3740fbc7ccf0e59e4b08d793fa89"

[[package]]
name = "log"
version = "0.4.22"
source = "registry+https://github.com/rust-lang/crates.io-index"
checksum = "a7a70ba024b9dc04c27ea2f0c0548feb474ec5c54bba33a7f72f873a39d07b24"

[[package]]
name = "memchr"
version = "2.7.4"
source = "registry+https://github.com/rust-lang/crates.io-index"
checksum = "78ca9ab1a0babb1e7d5695e3530886289c18cf2f87ec19a575a0abdce112e3a3"

[[package]]
name = "minimal-lexical"
version = "0.2.1"
source = "registry+https://github.com/rust-lang/crates.io-index"
checksum = "68354c5c6bd36d73ff3feceb05efa59b6acb7626617f4962be322a825e61f79a"

[[package]]
name = "nanoserde"
version = "0.1.37"
source = "registry+https://github.com/rust-lang/crates.io-index"
checksum = "5de9cf844ab1e25a0353525bd74cb889843a6215fa4a0d156fd446f4857a1b99"
dependencies = [
 "nanoserde-derive",
]

[[package]]
name = "nanoserde-derive"
version = "0.1.22"
source = "registry+https://github.com/rust-lang/crates.io-index"
checksum = "e943b2c21337b7e3ec6678500687cdc741b7639ad457f234693352075c082204"

[[package]]
name = "nom"
version = "7.1.3"
source = "registry+https://github.com/rust-lang/crates.io-index"
checksum = "d273983c5a657a70a3e8f2a01329822f3b8c8172b73826411a55751e404a0a4a"
dependencies = [
 "memchr",
 "minimal-lexical",
]

[[package]]
name = "once_cell"
version = "1.19.0"
source = "registry+https://github.com/rust-lang/crates.io-index"
checksum = "3fdb12b2476b595f9358c5161aa467c2438859caa136dec86c26fdd2efe17b92"

[[package]]
name = "ouroboros"
version = "0.18.4"
source = "registry+https://github.com/rust-lang/crates.io-index"
checksum = "944fa20996a25aded6b4795c6d63f10014a7a83f8be9828a11860b08c5fc4a67"
dependencies = [
 "aliasable",
 "ouroboros_macro",
 "static_assertions",
]

[[package]]
name = "ouroboros_macro"
version = "0.18.4"
source = "registry+https://github.com/rust-lang/crates.io-index"
checksum = "39b0deead1528fd0e5947a8546a9642a9777c25f6e1e26f34c97b204bbb465bd"
dependencies = [
 "heck 0.4.1",
 "itertools",
 "proc-macro2",
 "proc-macro2-diagnostics",
 "quote",
 "syn",
]

[[package]]
name = "paste"
version = "1.0.15"
source = "registry+https://github.com/rust-lang/crates.io-index"
checksum = "57c0d7b74b563b49d38dae00a0c37d4d6de9b432382b2892f0574ddcae73fd0a"

[[package]]
name = "prettyplease"
version = "0.2.22"
source = "registry+https://github.com/rust-lang/crates.io-index"
checksum = "479cf940fbbb3426c32c5d5176f62ad57549a0bb84773423ba8be9d089f5faba"
dependencies = [
 "proc-macro2",
 "syn",
]

[[package]]
name = "proc-macro2"
version = "1.0.86"
source = "registry+https://github.com/rust-lang/crates.io-index"
checksum = "5e719e8df665df0d1c8fbfd238015744736151d4445ec0836b8e628aae103b77"
dependencies = [
 "unicode-ident",
]

[[package]]
name = "proc-macro2-diagnostics"
version = "0.10.1"
source = "registry+https://github.com/rust-lang/crates.io-index"
checksum = "af066a9c399a26e020ada66a034357a868728e72cd426f3adcd35f80d88d88c8"
dependencies = [
 "proc-macro2",
 "quote",
 "syn",
 "version_check",
 "yansi",
]

[[package]]
name = "quote"
version = "1.0.37"
source = "registry+https://github.com/rust-lang/crates.io-index"
checksum = "b5b9d34b8991d19d98081b46eacdd8eb58c6f2b201139f7c5f643cc155a633af"
dependencies = [
 "proc-macro2",
]

[[package]]
name = "regex"
version = "1.10.6"
source = "registry+https://github.com/rust-lang/crates.io-index"
checksum = "4219d74c6b67a3654a9fbebc4b419e22126d13d2f3c4a07ee0cb61ff79a79619"
dependencies = [
 "aho-corasick",
 "memchr",
 "regex-automata",
 "regex-syntax",
]

[[package]]
name = "regex-automata"
version = "0.4.7"
source = "registry+https://github.com/rust-lang/crates.io-index"
checksum = "38caf58cc5ef2fed281f89292ef23f6365465ed9a41b7a7754eb4e26496c92df"
dependencies = [
 "aho-corasick",
 "memchr",
 "regex-syntax",
]

[[package]]
name = "regex-syntax"
version = "0.8.4"
source = "registry+https://github.com/rust-lang/crates.io-index"
checksum = "7a66a03ae7c801facd77a29370b4faec201768915ac14a721ba36f20bc9c209b"

[[package]]
name = "rustc-hash"
version = "1.1.0"
source = "registry+https://github.com/rust-lang/crates.io-index"
checksum = "08d43f7aa6b08d49f382cde6a7982047c3426db949b1424bc4b7ec9ae12c6ce2"

[[package]]
name = "rustix"
version = "0.38.34"
source = "registry+https://github.com/rust-lang/crates.io-index"
checksum = "70dc5ec042f7a43c4a73241207cecc9873a06d45debb38b329f8541d85c2730f"
dependencies = [
 "bitflags",
 "errno",
 "libc",
 "linux-raw-sys",
 "windows-sys 0.52.0",
]

[[package]]
name = "serde"
version = "1.0.209"
source = "registry+https://github.com/rust-lang/crates.io-index"
checksum = "99fce0ffe7310761ca6bf9faf5115afbc19688edd00171d81b1bb1b116c63e09"
dependencies = [
 "serde_derive",
]

[[package]]
name = "serde_derive"
version = "1.0.209"
source = "registry+https://github.com/rust-lang/crates.io-index"
checksum = "a5831b979fd7b5439637af1752d535ff49f4860c0f341d1baeb6faf0f4242170"
dependencies = [
 "proc-macro2",
 "quote",
 "syn",
]

[[package]]
name = "serde_spanned"
version = "0.6.7"
source = "registry+https://github.com/rust-lang/crates.io-index"
checksum = "eb5b1b31579f3811bf615c144393417496f152e12ac8b7663bf664f4a815306d"
dependencies = [
 "serde",
]

[[package]]
name = "sha1_smol"
version = "1.0.1"
source = "registry+https://github.com/rust-lang/crates.io-index"
checksum = "bbfa15b3dddfee50a0fff136974b3e1bde555604ba463834a7eb7deb6417705d"

[[package]]
name = "shlex"
version = "1.3.0"
source = "registry+https://github.com/rust-lang/crates.io-index"
checksum = "0fda2ff0d084019ba4d7c6f371c95d8fd75ce3524c3cb8fb653a3023f6323e64"

[[package]]
name = "static_assertions"
version = "1.1.0"
source = "registry+https://github.com/rust-lang/crates.io-index"
checksum = "a2eb9349b6444b326872e140eb1cf5e7c522154d69e7a0ffb0fb81c06b37543f"

[[package]]
name = "syn"
version = "2.0.76"
source = "registry+https://github.com/rust-lang/crates.io-index"
checksum = "578e081a14e0cefc3279b0472138c513f37b41a08d5a3cca9b6e4e8ceb6cd525"
dependencies = [
 "proc-macro2",
 "quote",
 "unicode-ident",
]

[[package]]
name = "termsize"
version = "0.1.9"
source = "registry+https://github.com/rust-lang/crates.io-index"
checksum = "6f11ff5c25c172608d5b85e2fb43ee9a6d683a7f4ab7f96ae07b3d8b590368fd"
dependencies = [
 "libc",
 "winapi",
]

[[package]]
name = "tiny-fn"
version = "0.1.7"
source = "registry+https://github.com/rust-lang/crates.io-index"
checksum = "2fde9a76dac5751480f711f327371c809d7f8a9f036436e6237d67859adbf3bd"

[[package]]
name = "toml"
version = "0.8.19"
source = "registry+https://github.com/rust-lang/crates.io-index"
checksum = "a1ed1f98e3fdc28d6d910e6737ae6ab1a93bf1985935a1193e68f93eeb68d24e"
dependencies = [
 "serde",
 "serde_spanned",
 "toml_datetime",
 "toml_edit",
]

[[package]]
name = "toml_datetime"
version = "0.6.8"
source = "registry+https://github.com/rust-lang/crates.io-index"
checksum = "0dd7358ecb8fc2f8d014bf86f6f638ce72ba252a2c3a2572f2a795f1d23efb41"
dependencies = [
 "serde",
]

[[package]]
name = "toml_edit"
version = "0.22.20"
source = "registry+https://github.com/rust-lang/crates.io-index"
checksum = "583c44c02ad26b0c3f3066fe629275e50627026c51ac2e595cca4c230ce1ce1d"
dependencies = [
 "indexmap",
 "serde",
 "serde_spanned",
 "toml_datetime",
 "winnow",
]

[[package]]
name = "unicode-ident"
version = "1.0.12"
source = "registry+https://github.com/rust-lang/crates.io-index"
checksum = "3354b9ac3fae1ff6755cb6db53683adb661634f67557942dea4facebec0fee4b"

[[package]]
name = "uuid"
version = "1.10.0"
source = "registry+https://github.com/rust-lang/crates.io-index"
checksum = "81dfa00651efa65069b0b6b651f4aaa31ba9e3c3ce0137aaad053604ee7e0314"
dependencies = [
 "getrandom",
]

[[package]]
name = "venial"
version = "0.6.0"
source = "registry+https://github.com/rust-lang/crates.io-index"
checksum = "6816bc32f30bf8dd1b3adb04de8406c7bf187d2f923bd9e4c0b99365d012613f"
dependencies = [
 "proc-macro2",
 "quote",
]

[[package]]
name = "version_check"
version = "0.9.5"
source = "registry+https://github.com/rust-lang/crates.io-index"
checksum = "0b928f33d975fc6ad9f86c8f283853ad26bdd5b10b7f1542aa2fa15e2289105a"

[[package]]
name = "wasi"
version = "0.11.0+wasi-snapshot-preview1"
source = "registry+https://github.com/rust-lang/crates.io-index"
checksum = "9c8d87e72b64a3b4db28d11ce29237c246188f4f51057d65a7eab63b7987e423"

[[package]]
name = "which"
version = "4.4.2"
source = "registry+https://github.com/rust-lang/crates.io-index"
checksum = "87ba24419a2078cd2b0f2ede2691b6c66d8e47836da3b6db8265ebad47afbfc7"
dependencies = [
 "either",
 "home",
 "once_cell",
 "rustix",
]

[[package]]
name = "winapi"
version = "0.3.9"
source = "registry+https://github.com/rust-lang/crates.io-index"
checksum = "5c839a674fcd7a98952e593242ea400abe93992746761e38641405d28b00f419"
dependencies = [
 "winapi-i686-pc-windows-gnu",
 "winapi-x86_64-pc-windows-gnu",
]

[[package]]
name = "winapi-i686-pc-windows-gnu"
version = "0.4.0"
source = "registry+https://github.com/rust-lang/crates.io-index"
checksum = "ac3b87c63620426dd9b991e5ce0329eff545bccbbb34f3be09ff6fb6ab51b7b6"

[[package]]
name = "winapi-x86_64-pc-windows-gnu"
version = "0.4.0"
source = "registry+https://github.com/rust-lang/crates.io-index"
checksum = "712e227841d057c1ee1cd2fb22fa7e5a5461ae8e48fa2ca79ec42cfc1931183f"

[[package]]
name = "windows-sys"
version = "0.48.0"
source = "registry+https://github.com/rust-lang/crates.io-index"
checksum = "677d2418bec65e3338edb076e806bc1ec15693c5d0104683f2efe857f61056a9"
dependencies = [
 "windows-targets 0.48.5",
]

[[package]]
name = "windows-sys"
version = "0.52.0"
source = "registry+https://github.com/rust-lang/crates.io-index"
checksum = "282be5f36a8ce781fad8c8ae18fa3f9beff57ec1b52cb3de0789201425d9a33d"
dependencies = [
 "windows-targets 0.52.6",
]

[[package]]
name = "windows-targets"
version = "0.48.5"
source = "registry+https://github.com/rust-lang/crates.io-index"
checksum = "9a2fa6e2155d7247be68c096456083145c183cbbbc2764150dda45a87197940c"
dependencies = [
 "windows_aarch64_gnullvm 0.48.5",
 "windows_aarch64_msvc 0.48.5",
 "windows_i686_gnu 0.48.5",
 "windows_i686_msvc 0.48.5",
 "windows_x86_64_gnu 0.48.5",
 "windows_x86_64_gnullvm 0.48.5",
 "windows_x86_64_msvc 0.48.5",
]

[[package]]
name = "windows-targets"
version = "0.52.6"
source = "registry+https://github.com/rust-lang/crates.io-index"
checksum = "9b724f72796e036ab90c1021d4780d4d3d648aca59e491e6b98e725b84e99973"
dependencies = [
 "windows_aarch64_gnullvm 0.52.6",
 "windows_aarch64_msvc 0.52.6",
 "windows_i686_gnu 0.52.6",
 "windows_i686_gnullvm",
 "windows_i686_msvc 0.52.6",
 "windows_x86_64_gnu 0.52.6",
 "windows_x86_64_gnullvm 0.52.6",
 "windows_x86_64_msvc 0.52.6",
]

[[package]]
name = "windows_aarch64_gnullvm"
version = "0.48.5"
source = "registry+https://github.com/rust-lang/crates.io-index"
checksum = "2b38e32f0abccf9987a4e3079dfb67dcd799fb61361e53e2882c3cbaf0d905d8"

[[package]]
name = "windows_aarch64_gnullvm"
version = "0.52.6"
source = "registry+https://github.com/rust-lang/crates.io-index"
checksum = "32a4622180e7a0ec044bb555404c800bc9fd9ec262ec147edd5989ccd0c02cd3"

[[package]]
name = "windows_aarch64_msvc"
version = "0.48.5"
source = "registry+https://github.com/rust-lang/crates.io-index"
checksum = "dc35310971f3b2dbbf3f0690a219f40e2d9afcf64f9ab7cc1be722937c26b4bc"

[[package]]
name = "windows_aarch64_msvc"
version = "0.52.6"
source = "registry+https://github.com/rust-lang/crates.io-index"
checksum = "09ec2a7bb152e2252b53fa7803150007879548bc709c039df7627cabbd05d469"

[[package]]
name = "windows_i686_gnu"
version = "0.48.5"
source = "registry+https://github.com/rust-lang/crates.io-index"
checksum = "a75915e7def60c94dcef72200b9a8e58e5091744960da64ec734a6c6e9b3743e"

[[package]]
name = "windows_i686_gnu"
version = "0.52.6"
source = "registry+https://github.com/rust-lang/crates.io-index"
checksum = "8e9b5ad5ab802e97eb8e295ac6720e509ee4c243f69d781394014ebfe8bbfa0b"

[[package]]
name = "windows_i686_gnullvm"
version = "0.52.6"
source = "registry+https://github.com/rust-lang/crates.io-index"
checksum = "0eee52d38c090b3caa76c563b86c3a4bd71ef1a819287c19d586d7334ae8ed66"

[[package]]
name = "windows_i686_msvc"
version = "0.48.5"
source = "registry+https://github.com/rust-lang/crates.io-index"
checksum = "8f55c233f70c4b27f66c523580f78f1004e8b5a8b659e05a4eb49d4166cca406"

[[package]]
name = "windows_i686_msvc"
version = "0.52.6"
source = "registry+https://github.com/rust-lang/crates.io-index"
checksum = "240948bc05c5e7c6dabba28bf89d89ffce3e303022809e73deaefe4f6ec56c66"

[[package]]
name = "windows_x86_64_gnu"
version = "0.48.5"
source = "registry+https://github.com/rust-lang/crates.io-index"
checksum = "53d40abd2583d23e4718fddf1ebec84dbff8381c07cae67ff7768bbf19c6718e"

[[package]]
name = "windows_x86_64_gnu"
version = "0.52.6"
source = "registry+https://github.com/rust-lang/crates.io-index"
checksum = "147a5c80aabfbf0c7d901cb5895d1de30ef2907eb21fbbab29ca94c5b08b1a78"

[[package]]
name = "windows_x86_64_gnullvm"
version = "0.48.5"
source = "registry+https://github.com/rust-lang/crates.io-index"
checksum = "0b7b52767868a23d5bab768e390dc5f5c55825b6d30b86c844ff2dc7414044cc"

[[package]]
name = "windows_x86_64_gnullvm"
version = "0.52.6"
source = "registry+https://github.com/rust-lang/crates.io-index"
checksum = "24d5b23dc417412679681396f2b49f3de8c1473deb516bd34410872eff51ed0d"

[[package]]
name = "windows_x86_64_msvc"
version = "0.48.5"
source = "registry+https://github.com/rust-lang/crates.io-index"
checksum = "ed94fce61571a4006852b7389a063ab983c02eb1bb37b47f8272ce92d06d9538"

[[package]]
name = "windows_x86_64_msvc"
version = "0.52.6"
source = "registry+https://github.com/rust-lang/crates.io-index"
checksum = "589f6da84c646204747d1270a2a5661ea66ed1cced2631d546fdfb155959f9ec"

[[package]]
name = "winnow"
version = "0.6.18"
source = "registry+https://github.com/rust-lang/crates.io-index"
checksum = "68a9bda4691f099d435ad181000724da8e5899daa10713c2d432552b9ccd3a6f"
dependencies = [
 "memchr",
]

[[package]]
name = "yansi"
version = "1.0.1"
source = "registry+https://github.com/rust-lang/crates.io-index"
checksum = "cfe53a6657fd280eaa890a3bc59152892ffa3e30101319d168b781ed6529b049"
